
Microsoft Visual Studio Solution File, Format Version 12.00
# Visual Studio Version 17
VisualStudioVersion = 17.4.33122.133
MinimumVisualStudioVersion = 10.0.40219.1
Project("{FAE04EC0-301F-11D3-BF4B-00C04F79EFBC}") = "BMS_CYPFRUVEX_KANTARETIKET_MODULU", "BMS_CYPFRUVEX_KANTARETIKET_MODULU\BMS_CYPFRUVEX_KANTARETIKET_MODULU.csproj", "{DC2F4201-B5BD-41C9-AEC1-0F3CC4A59742}"
EndProject
Project("{FAE04EC0-301F-11D3-BF4B-00C04F79EFBC}") = "CFG_BMS_CYPFRUVEX_KANTARETIKET_MODULU", "CFG_BMS_CYPFRUVEX_KANTARETIKET_MODULU\CFG_BMS_CYPFRUVEX_KANTARETIKET_MODULU.csproj", "{98BE75BC-2965-4ED5-932A-BBC6FF2555EA}"
EndProject
Project("{2150E333-8FDC-42A3-9474-1A3956D46DE8}") = "Solution Items", "Solution Items", "{D17F336B-CE2E-49AA-97D0-983D7B9CCDC7}"
	ProjectSection(SolutionItems) = preProject
		BMS Kantar Etiket Modülü.docx = BMS Kantar Etiket Modülü.docx
	EndProjectSection
EndProject
Global
	GlobalSection(SolutionConfigurationPlatforms) = preSolution
		Debug|Any CPU = Debug|Any CPU
		Release|Any CPU = Release|Any CPU
	EndGlobalSection
	GlobalSection(ProjectConfigurationPlatforms) = postSolution
		{DC2F4201-B5BD-41C9-AEC1-0F3CC4A59742}.Debug|Any CPU.ActiveCfg = Debug|Any CPU
		{DC2F4201-B5BD-41C9-AEC1-0F3CC4A59742}.Debug|Any CPU.Build.0 = Debug|Any CPU
		{DC2F4201-B5BD-41C9-AEC1-0F3CC4A59742}.Release|Any CPU.ActiveCfg = Release|Any CPU
		{DC2F4201-B5BD-41C9-AEC1-0F3CC4A59742}.Release|Any CPU.Build.0 = Release|Any CPU
		{98BE75BC-2965-4ED5-932A-BBC6FF2555EA}.Debug|Any CPU.ActiveCfg = Debug|Any CPU
		{98BE75BC-2965-4ED5-932A-BBC6FF2555EA}.Debug|Any CPU.Build.0 = Debug|Any CPU
		{98BE75BC-2965-4ED5-932A-BBC6FF2555EA}.Release|Any CPU.ActiveCfg = Release|Any CPU
		{98BE75BC-2965-4ED5-932A-BBC6FF2555EA}.Release|Any CPU.Build.0 = Release|Any CPU
	EndGlobalSection
	GlobalSection(SolutionProperties) = preSolution
		HideSolutionNode = FALSE
	EndGlobalSection
	GlobalSection(ExtensibilityGlobals) = postSolution
		SolutionGuid = {85337F75-4A32-40B9-9860-61324625223D}
	EndGlobalSection
EndGlobal
